<?xml version="1.0" encoding="utf-8"?>
<Project ToolsVersion="4.0" xmlns="http://schemas.microsoft.com/developer/msbuild/2003">
  <ItemGroup>
    <Filter Include="Source Files">
      <UniqueIdentifier>{4FC737F1-C7A5-4376-A066-2A32D752A2FF}</UniqueIdentifier>
      <Extensions>cpp;c;cc;cxx;def;odl;idl;hpj;bat;asm;asmx</Extensions>
    </Filter>
    <Filter Include="Header Files">
      <UniqueIdentifier>{93995380-89BD-4b04-88EB-625FBE52EBFB}</UniqueIdentifier>
      <Extensions>h;hh;hpp;hxx;hm;inl;inc;xsd</Extensions>
    </Filter>
    <Filter Include="Header Files\SPhoenix">
      <UniqueIdentifier>{61c0a334-7fb2-4b29-8d84-3689b6e2035f}</UniqueIdentifier>
    </Filter>
    <Filter Include="Source Files\SPhoenix">
      <UniqueIdentifier>{50cf2787-8338-49c2-aeb2-b02e17bf662a}</UniqueIdentifier>
    </Filter>
    <Filter Include="Resource Files">
      <UniqueIdentifier>{67DA6AB6-F800-4c08-8B7A-83BB121AAD01}</UniqueIdentifier>
      <Extensions>rc;ico;cur;bmp;dlg;rc2;rct;bin;rgs;gif;jpg;jpeg;jpe;resx;tiff;tif;png;wav;mfcribbon-ms</Extensions>
    </Filter>
    <Filter Include="Header Files\SPhoenix\Shaders">
      <UniqueIdentifier>{fa9dbb25-78cb-4a19-86f4-5b5a35972917}</UniqueIdentifier>
    </Filter>
    <Filter Include="Header Files\SPhoenix\Mesh">
      <UniqueIdentifier>{8020628e-a9c0-491c-b7b4-8b5fb3687047}</UniqueIdentifier>
    </Filter>
    <Filter Include="Header Files\SPhoenix\Camera">
      <UniqueIdentifier>{25f2f5ab-8682-4c06-9923-a8738f484117}</UniqueIdentifier>
    </Filter>
    <Filter Include="Header Files\SPhoenix\WindowClass">
      <UniqueIdentifier>{4717bd9e-ea4a-4401-ada5-862ddac89f5b}</UniqueIdentifier>
    </Filter>
    <Filter Include="Header Files\SPhoenix\Material">
      <UniqueIdentifier>{1305674d-365f-4028-a161-768b09d8c745}</UniqueIdentifier>
    </Filter>
    <Filter Include="Header Files\SPhoenix\Scene">
      <UniqueIdentifier>{4a394d8d-9440-44b8-9a10-f48866dd625c}</UniqueIdentifier>
    </Filter>
  </ItemGroup>
  <ItemGroup>
    <ClCompile Include="SphereRender.cpp">
      <Filter>Source Files</Filter>
    </ClCompile>
  </ItemGroup>
  <ItemGroup>
    <None Include="..\common\SPhoenix\Shaders\SPhoenixScene.frag">
      <Filter>Header Files\SPhoenix\Shaders</Filter>
    </None>
    <None Include="..\common\SPhoenix\Shaders\SPhoenixScene.vert">
      <Filter>Header Files\SPhoenix\Shaders</Filter>
    </None>
    <None Include="..\common\SPhoenix\Shaders\SPhoenixScene-2DGraphic.vert">
      <Filter>Header Files\SPhoenix\Shaders</Filter>
    </None>
    <None Include="..\common\SPhoenix\Shaders\SPhoenixScene-SkyBox.frag">
      <Filter>Header Files\SPhoenix\Shaders</Filter>
    </None>
    <None Include="..\common\SPhoenix\Shaders\SPhoenixScene-SkyBox.vert">
      <Filter>Header Files\SPhoenix\Shaders</Filter>
    </None>
    <None Include="..\common\SPhoenix\Shaders\SPhoenixScene-2DGraphic.frag">
      <Filter>Header Files\SPhoenix\Shaders</Filter>
    </None>
    <None Include="..\common\SPhoenix\Shaders\SPhoenixScene-Text.frag">
      <Filter>Header Files\SPhoenix\Shaders</Filter>
    </None>
    <None Include="..\common\SPhoenix\Shaders\SPhoenixScene-Text.vert">
      <Filter>Header Files\SPhoenix\Shaders</Filter>
    </None>
    <None Include="..\common\SPhoenix\Shaders\SPhoenixScene-OmniCamera.frag">
      <Filter>Header Files\SPhoenix\Shaders</Filter>
    </None>
    <None Include="..\common\SPhoenix\Shaders\SPhoenixScene-OmniCamera.vert">
      <Filter>Header Files\SPhoenix\Shaders</Filter>
    </None>
    <None Include="..\common\SPhoenix\Shaders\SPhoenixScene-OmniCameraCube.frag">
      <Filter>Header Files\SPhoenix\Shaders</Filter>
    </None>
    <None Include="..\common\SPhoenix\Shaders\SPhoenixScene-OmniCameraCube.vert">
      <Filter>Header Files\SPhoenix\Shaders</Filter>
    </None>
  </ItemGroup>
  <ItemGroup>
    <ClInclude Include="..\common\SPhoenix\Manipulator.h">
      <Filter>Header Files\SPhoenix</Filter>
    </ClInclude>
    <ClInclude Include="..\common\SPhoenix\ManipulatorBase.h">
      <Filter>Header Files\SPhoenix</Filter>
    </ClInclude>
    <ClInclude Include="..\common\SPhoenix\Texture.h">
      <Filter>Header Files\SPhoenix</Filter>
    </ClInclude>
    <ClInclude Include="..\common\SPhoenix\VertexArray.h">
      <Filter>Header Files\SPhoenix</Filter>
    </ClInclude>
    <ClInclude Include="..\common\SPhoenix\BBox.h">
      <Filter>Header Files\SPhoenix</Filter>
    </ClInclude>
    <ClInclude Include="..\common\SPhoenix\Utils.h">
      <Filter>Header Files\SPhoenix</Filter>
    </ClInclude>
    <ClInclude Include="..\common\SPhoenix\AxisMesh.h">
      <Filter>Header Files\SPhoenix\Mesh</Filter>
    </ClInclude>
    <ClInclude Include="..\common\SPhoenix\BBoxMesh.h">
      <Filter>Header Files\SPhoenix\Mesh</Filter>
    </ClInclude>
    <ClInclude Include="..\common\SPhoenix\Mesh.h">
      <Filter>Header Files\SPhoenix\Mesh</Filter>
    </ClInclude>
    <ClInclude Include="..\common\SPhoenix\ShaderProgram.h">
      <Filter>Header Files\SPhoenix</Filter>
    </ClInclude>
    <ClInclude Include="..\common\SPhoenix\GlobalMacros.h">
      <Filter>Header Files\SPhoenix</Filter>
    </ClInclude>
    <ClInclude Include="..\common\SPhoenix\Sphere.h">
      <Filter>Header Files\SPhoenix\Mesh</Filter>
    </ClInclude>
    <ClInclude Include="..\common\SPhoenix\Camera.h">
      <Filter>Header Files\SPhoenix\Camera</Filter>
    </ClInclude>
    <ClInclude Include="..\common\SPhoenix\UICamera.h">
      <Filter>Header Files\SPhoenix\Camera</Filter>
    </ClInclude>
    <ClInclude Include="..\common\SPhoenix\JoyStick.h">
      <Filter>Header Files\SPhoenix</Filter>
    </ClInclude>
    <ClInclude Include="..\common\SPhoenix\MonitorWindow.h">
      <Filter>Header Files\SPhoenix\WindowClass</Filter>
    </ClInclude>
    <ClInclude Include="..\common\SPhoenix\Material.h">
      <Filter>Header Files\SPhoenix\Material</Filter>
    </ClInclude>
    <ClInclude Include="..\common\SPhoenix\Scene.h">
      <Filter>Header Files\SPhoenix\Scene</Filter>
    </ClInclude>
    <ClInclude Include="..\common\SPhoenix\SceneAssimpLoader.h">
      <Filter>Header Files\SPhoenix\Scene</Filter>
    </ClInclude>
    <ClInclude Include="..\common\SPhoenix\OmniCamera.h">
      <Filter>Header Files\SPhoenix\Camera</Filter>
    </ClInclude>
    <ClInclude Include="..\common\SPhoenix\GLWindowBase.h">
      <Filter>Header Files\SPhoenix\WindowClass</Filter>
    </ClInclude>
    <ClInclude Include="..\common\SPhoenix\Plane.h">
      <Filter>Header Files\SPhoenix\Mesh</Filter>
    </ClInclude>
  </ItemGroup>
  <ItemGroup>
    <Text Include="..\common\SPhoenix\SPConfigure.txt">
      <Filter>Header Files\SPhoenix</Filter>
    </Text>
  </ItemGroup>
</Project>